
Microsoft Visual Studio Solution File, Format Version 12.00
# Visual Studio 15
VisualStudioVersion = 15.0.33423.255
MinimumVisualStudioVersion = 10.0.40219.1
Project("{FAE04EC0-301F-11D3-BF4B-00C04F79EFBC}") = "App5.Android", "App5\App5.Android\App5.Android.csproj", "{70AE471E-EB96-4C24-B819-41BFDDC07BAF}"
EndProject
Project("{FAE04EC0-301F-11D3-BF4B-00C04F79EFBC}") = "App5.iOS", "App5\App5.iOS\App5.iOS.csproj", "{5603D026-C9F2-4B89-9DDE-485AFD33492E}"
EndProject
Project("{FAE04EC0-301F-11D3-BF4B-00C04F79EFBC}") = "App5", "App5\App5\App5.csproj", "{AF592C89-BC18-436B-A243-6D6A9E090B3C}"
EndProject
Global
	GlobalSection(SolutionConfigurationPlatforms) = preSolution
		Ad-Hoc|Any CPU = Ad-Hoc|Any CPU
		Ad-Hoc|iPhone = Ad-Hoc|iPhone
		Ad-Hoc|iPhoneSimulator = Ad-Hoc|iPhoneSimulator
		AppStore|Any CPU = AppStore|Any CPU
		AppStore|iPhone = AppStore|iPhone
		AppStore|iPhoneSimulator = AppStore|iPhoneSimulator
		Debug|Any CPU = Debug|Any CPU
		Debug|iPhone = Debug|iPhone
		Debug|iPhoneSimulator = Debug|iPhoneSimulator
		Release|Any CPU = Release|Any CPU
		Release|iPhone = Release|iPhone
		Release|iPhoneSimulator = Release|iPhoneSimulator
	EndGlobalSection
	GlobalSection(ProjectConfigurationPlatforms) = postSolution
		{70AE471E-EB96-4C24-B819-41BFDDC07BAF}.Ad-Hoc|Any CPU.ActiveCfg = Release|Any CPU
		{70AE471E-EB96-4C24-B819-41BFDDC07BAF}.Ad-Hoc|Any CPU.Build.0 = Release|Any CPU
		{70AE471E-EB96-4C24-B819-41BFDDC07BAF}.Ad-Hoc|Any CPU.Deploy.0 = Release|Any CPU
		{70AE471E-EB96-4C24-B819-41BFDDC07BAF}.Ad-Hoc|iPhone.ActiveCfg = Release|Any CPU
		{70AE471E-EB96-4C24-B819-41BFDDC07BAF}.Ad-Hoc|iPhone.Build.0 = Release|Any CPU
		{70AE471E-EB96-4C24-B819-41BFDDC07BAF}.Ad-Hoc|iPhone.Deploy.0 = Release|Any CPU
		{70AE471E-EB96-4C24-B819-41BFDDC07BAF}.Ad-Hoc|iPhoneSimulator.ActiveCfg = Release|Any CPU
		{70AE471E-EB96-4C24-B819-41BFDDC07BAF}.Ad-Hoc|iPhoneSimulator.Build.0 = Release|Any CPU
		{70AE471E-EB96-4C24-B819-41BFDDC07BAF}.Ad-Hoc|iPhoneSimulator.Deploy.0 = Release|Any CPU
		{70AE471E-EB96-4C24-B819-41BFDDC07BAF}.AppStore|Any CPU.ActiveCfg = Release|Any CPU
		{70AE471E-EB96-4C24-B819-41BFDDC07BAF}.AppStore|Any CPU.Build.0 = Release|Any CPU
		{70AE471E-EB96-4C24-B819-41BFDDC07BAF}.AppStore|Any CPU.Deploy.0 = Release|Any CPU
		{70AE471E-EB96-4C24-B819-41BFDDC07BAF}.AppStore|iPhone.ActiveCfg = Release|Any CPU
		{70AE471E-EB96-4C24-B819-41BFDDC07BAF}.AppStore|iPhone.Build.0 = Release|Any CPU
		{70AE471E-EB96-4C24-B819-41BFDDC07BAF}.AppStore|iPhone.Deploy.0 = Release|Any CPU
		{70AE471E-EB96-4C24-B819-41BFDDC07BAF}.AppStore|iPhoneSimulator.ActiveCfg = Release|Any CPU
		{70AE471E-EB96-4C24-B819-41BFDDC07BAF}.AppStore|iPhoneSimulator.Build.0 = Release|Any CPU
		{70AE471E-EB96-4C24-B819-41BFDDC07BAF}.AppStore|iPhoneSimulator.Deploy.0 = Release|Any CPU
		{70AE471E-EB96-4C24-B819-41BFDDC07BAF}.Debug|Any CPU.ActiveCfg = Debug|Any CPU
		{70AE471E-EB96-4C24-B819-41BFDDC07BAF}.Debug|Any CPU.Build.0 = Debug|Any CPU
		{70AE471E-EB96-4C24-B819-41BFDDC07BAF}.Debug|Any CPU.Deploy.0 = Debug|Any CPU
		{70AE471E-EB96-4C24-B819-41BFDDC07BAF}.Debug|iPhone.ActiveCfg = Debug|Any CPU
		{70AE471E-EB96-4C24-B819-41BFDDC07BAF}.Debug|iPhone.Build.0 = Debug|Any CPU
		{70AE471E-EB96-4C24-B819-41BFDDC07BAF}.Debug|iPhone.Deploy.0 = Debug|Any CPU
		{70AE471E-EB96-4C24-B819-41BFDDC07BAF}.Debug|iPhoneSimulator.ActiveCfg = Debug|Any CPU
		{70AE471E-EB96-4C24-B819-41BFDDC07BAF}.Debug|iPhoneSimulator.Build.0 = Debug|Any CPU
		{70AE471E-EB96-4C24-B819-41BFDDC07BAF}.Debug|iPhoneSimulator.Deploy.0 = Debug|Any CPU
		{70AE471E-EB96-4C24-B819-41BFDDC07BAF}.Release|Any CPU.ActiveCfg = Release|Any CPU
		{70AE471E-EB96-4C24-B819-41BFDDC07BAF}.Release|Any CPU.Build.0 = Release|Any CPU
		{70AE471E-EB96-4C24-B819-41BFDDC07BAF}.Release|Any CPU.Deploy.0 = Release|Any CPU
		{70AE471E-EB96-4C24-B819-41BFDDC07BAF}.Release|iPhone.ActiveCfg = Release|Any CPU
		{70AE471E-EB96-4C24-B819-41BFDDC07BAF}.Release|iPhone.Build.0 = Release|Any CPU
		{70AE471E-EB96-4C24-B819-41BFDDC07BAF}.Release|iPhone.Deploy.0 = Release|Any CPU
		{70AE471E-EB96-4C24-B819-41BFDDC07BAF}.Release|iPhoneSimulator.ActiveCfg = Release|Any CPU
		{70AE471E-EB96-4C24-B819-41BFDDC07BAF}.Release|iPhoneSimulator.Build.0 = Release|Any CPU
		{70AE471E-EB96-4C24-B819-41BFDDC07BAF}.Release|iPhoneSimulator.Deploy.0 = Release|Any CPU
		{5603D026-C9F2-4B89-9DDE-485AFD33492E}.Ad-Hoc|Any CPU.ActiveCfg = Ad-Hoc|iPhone
		{5603D026-C9F2-4B89-9DDE-485AFD33492E}.Ad-Hoc|Any CPU.Build.0 = Ad-Hoc|iPhone
		{5603D026-C9F2-4B89-9DDE-485AFD33492E}.Ad-Hoc|Any CPU.Deploy.0 = Ad-Hoc|iPhone
		{5603D026-C9F2-4B89-9DDE-485AFD33492E}.Ad-Hoc|iPhone.ActiveCfg = Ad-Hoc|iPhone
		{5603D026-C9F2-4B89-9DDE-485AFD33492E}.Ad-Hoc|iPhone.Build.0 = Ad-Hoc|iPhone
		{5603D026-C9F2-4B89-9DDE-485AFD33492E}.Ad-Hoc|iPhone.Deploy.0 = Ad-Hoc|iPhone
		{5603D026-C9F2-4B89-9DDE-485AFD33492E}.Ad-Hoc|iPhoneSimulator.ActiveCfg = Ad-Hoc|iPhoneSimulator
		{5603D026-C9F2-4B89-9DDE-485AFD33492E}.Ad-Hoc|iPhoneSimulator.Build.0 = Ad-Hoc|iPhoneSimulator
		{5603D026-C9F2-4B89-9DDE-485AFD33492E}.Ad-Hoc|iPhoneSimulator.Deploy.0 = Ad-Hoc|iPhoneSimulator
		{5603D026-C9F2-4B89-9DDE-485AFD33492E}.AppStore|Any CPU.ActiveCfg = AppStore|iPhone
		{5603D026-C9F2-4B89-9DDE-485AFD33492E}.AppStore|Any CPU.Build.0 = AppStore|iPhone
		{5603D026-C9F2-4B89-9DDE-485AFD33492E}.AppStore|Any CPU.Deploy.0 = AppStore|iPhone
		{5603D026-C9F2-4B89-9DDE-485AFD33492E}.AppStore|iPhone.ActiveCfg = AppStore|iPhone
		{5603D026-C9F2-4B89-9DDE-485AFD33492E}.AppStore|iPhone.Build.0 = AppStore|iPhone
		{5603D026-C9F2-4B89-9DDE-485AFD33492E}.AppStore|iPhone.Deploy.0 = AppStore|iPhone
		{5603D026-C9F2-4B89-9DDE-485AFD33492E}.AppStore|iPhoneSimulator.ActiveCfg = AppStore|iPhoneSimulator
		{5603D026-C9F2-4B89-9DDE-485AFD33492E}.AppStore|iPhoneSimulator.Build.0 = AppStore|iPhoneSimulator
		{5603D026-C9F2-4B89-9DDE-485AFD33492E}.AppStore|iPhoneSimulator.Deploy.0 = AppStore|iPhoneSimulator
		{5603D026-C9F2-4B89-9DDE-485AFD33492E}.Debug|Any CPU.ActiveCfg = Debug|iPhoneSimulator
		{5603D026-C9F2-4B89-9DDE-485AFD33492E}.Debug|Any CPU.Build.0 = Debug|iPhoneSimulator
		{5603D026-C9F2-4B89-9DDE-485AFD33492E}.Debug|Any CPU.Deploy.0 = Debug|iPhoneSimulator
		{5603D026-C9F2-4B89-9DDE-485AFD33492E}.Debug|iPhone.ActiveCfg = Debug|iPhone
		{5603D026-C9F2-4B89-9DDE-485AFD33492E}.Debug|iPhone.Build.0 = Debug|iPhone
		{5603D026-C9F2-4B89-9DDE-485AFD33492E}.Debug|iPhone.Deploy.0 = Debug|iPhone
		{5603D026-C9F2-4B89-9DDE-485AFD33492E}.Debug|iPhoneSimulator.ActiveCfg = Debug|iPhoneSimulator
		{5603D026-C9F2-4B89-9DDE-485AFD33492E}.Debug|iPhoneSimulator.Build.0 = Debug|iPhoneSimulator
		{5603D026-C9F2-4B89-9DDE-485AFD33492E}.Debug|iPhoneSimulator.Deploy.0 = Debug|iPhoneSimulator
		{5603D026-C9F2-4B89-9DDE-485AFD33492E}.Release|Any CPU.ActiveCfg = Release|iPhone
		{5603D026-C9F2-4B89-9DDE-485AFD33492E}.Release|Any CPU.Build.0 = Release|iPhone
		{5603D026-C9F2-4B89-9DDE-485AFD33492E}.Release|Any CPU.Deploy.0 = Release|iPhone
		{5603D026-C9F2-4B89-9DDE-485AFD33492E}.Release|iPhone.ActiveCfg = Release|iPhone
		{5603D026-C9F2-4B89-9DDE-485AFD33492E}.Release|iPhone.Build.0 = Release|iPhone
		{5603D026-C9F2-4B89-9DDE-485AFD33492E}.Release|iPhone.Deploy.0 = Release|iPhone
		{5603D026-C9F2-4B89-9DDE-485AFD33492E}.Release|iPhoneSimulator.ActiveCfg = Release|iPhoneSimulator
		{5603D026-C9F2-4B89-9DDE-485AFD33492E}.Release|iPhoneSimulator.Build.0 = Release|iPhoneSimulator
		{5603D026-C9F2-4B89-9DDE-485AFD33492E}.Release|iPhoneSimulator.Deploy.0 = Release|iPhoneSimulator
		{AF592C89-BC18-436B-A243-6D6A9E090B3C}.Ad-Hoc|Any CPU.ActiveCfg = Debug|Any CPU
		{AF592C89-BC18-436B-A243-6D6A9E090B3C}.Ad-Hoc|Any CPU.Build.0 = Debug|Any CPU
		{AF592C89-BC18-436B-A243-6D6A9E090B3C}.Ad-Hoc|Any CPU.Deploy.0 = Debug|Any CPU
		{AF592C89-BC18-436B-A243-6D6A9E090B3C}.Ad-Hoc|iPhone.ActiveCfg = Debug|Any CPU
		{AF592C89-BC18-436B-A243-6D6A9E090B3C}.Ad-Hoc|iPhone.Build.0 = Debug|Any CPU
		{AF592C89-BC18-436B-A243-6D6A9E090B3C}.Ad-Hoc|iPhone.Deploy.0 = Debug|Any CPU
		{AF592C89-BC18-436B-A243-6D6A9E090B3C}.Ad-Hoc|iPhoneSimulator.ActiveCfg = Debug|Any CPU
		{AF592C89-BC18-436B-A243-6D6A9E090B3C}.Ad-Hoc|iPhoneSimulator.Build.0 = Debug|Any CPU
		{AF592C89-BC18-436B-A243-6D6A9E090B3C}.Ad-Hoc|iPhoneSimulator.Deploy.0 = Debug|Any CPU
		{AF592C89-BC18-436B-A243-6D6A9E090B3C}.AppStore|Any CPU.ActiveCfg = Debug|Any CPU
		{AF592C89-BC18-436B-A243-6D6A9E090B3C}.AppStore|Any CPU.Build.0 = Debug|Any CPU
		{AF592C89-BC18-436B-A243-6D6A9E090B3C}.AppStore|Any CPU.Deploy.0 = Debug|Any CPU
		{AF592C89-BC18-436B-A243-6D6A9E090B3C}.AppStore|iPhone.ActiveCfg = Debug|Any CPU
		{AF592C89-BC18-436B-A243-6D6A9E090B3C}.AppStore|iPhone.Build.0 = Debug|Any CPU
		{AF592C89-BC18-436B-A243-6D6A9E090B3C}.AppStore|iPhone.Deploy.0 = Debug|Any CPU
		{AF592C89-BC18-436B-A243-6D6A9E090B3C}.AppStore|iPhoneSimulator.ActiveCfg = Debug|Any CPU
		{AF592C89-BC18-436B-A243-6D6A9E090B3C}.AppStore|iPhoneSimulator.Build.0 = Debug|Any CPU
		{AF592C89-BC18-436B-A243-6D6A9E090B3C}.AppStore|iPhoneSimulator.Deploy.0 = Debug|Any CPU
		{AF592C89-BC18-436B-A243-6D6A9E090B3C}.Debug|Any CPU.ActiveCfg = Debug|Any CPU
		{AF592C89-BC18-436B-A243-6D6A9E090B3C}.Debug|Any CPU.Build.0 = Debug|Any CPU
		{AF592C89-BC18-436B-A243-6D6A9E090B3C}.Debug|Any CPU.Deploy.0 = Debug|Any CPU
		{AF592C89-BC18-436B-A243-6D6A9E090B3C}.Debug|iPhone.ActiveCfg = Debug|Any CPU
		{AF592C89-BC18-436B-A243-6D6A9E090B3C}.Debug|iPhone.Build.0 = Debug|Any CPU
		{AF592C89-BC18-436B-A243-6D6A9E090B3C}.Debug|iPhone.Deploy.0 = Debug|Any CPU
		{AF592C89-BC18-436B-A243-6D6A9E090B3C}.Debug|iPhoneSimulator.ActiveCfg = Debug|Any CPU
		{AF592C89-BC18-436B-A243-6D6A9E090B3C}.Debug|iPhoneSimulator.Build.0 = Debug|Any CPU
		{AF592C89-BC18-436B-A243-6D6A9E090B3C}.Debug|iPhoneSimulator.Deploy.0 = Debug|Any CPU
		{AF592C89-BC18-436B-A243-6D6A9E090B3C}.Release|Any CPU.ActiveCfg = Release|Any CPU
		{AF592C89-BC18-436B-A243-6D6A9E090B3C}.Release|Any CPU.Build.0 = Release|Any CPU
		{AF592C89-BC18-436B-A243-6D6A9E090B3C}.Release|Any CPU.Deploy.0 = Release|Any CPU
		{AF592C89-BC18-436B-A243-6D6A9E090B3C}.Release|iPhone.ActiveCfg = Release|Any CPU
		{AF592C89-BC18-436B-A243-6D6A9E090B3C}.Release|iPhone.Build.0 = Release|Any CPU
		{AF592C89-BC18-436B-A243-6D6A9E090B3C}.Release|iPhone.Deploy.0 = Release|Any CPU
		{AF592C89-BC18-436B-A243-6D6A9E090B3C}.Release|iPhoneSimulator.ActiveCfg = Release|Any CPU
		{AF592C89-BC18-436B-A243-6D6A9E090B3C}.Release|iPhoneSimulator.Build.0 = Release|Any CPU
		{AF592C89-BC18-436B-A243-6D6A9E090B3C}.Release|iPhoneSimulator.Deploy.0 = Release|Any CPU
	EndGlobalSection
	GlobalSection(SolutionProperties) = preSolution
		HideSolutionNode = FALSE
	EndGlobalSection
	GlobalSection(ExtensibilityGlobals) = postSolution
		SolutionGuid = {A5413F14-4D75-4FD5-BC6E-C9AF8567D875}
	EndGlobalSection
EndGlobal
